// !$*UTF8*$!
{
	archiveVersion = 1;
	classes = {
	};
	objectVersion = 46;
	objects = {

/* Begin PBXBuildFile section */
		8091E60E1CAD329F006011F7 /* AppDelegate.swift in Sources */ = {isa = PBXBuildFile; fileRef = 8091E60D1CAD329F006011F7 /* AppDelegate.swift */; };
		8091E6101CAD329F006011F7 /* ViewController.swift in Sources */ = {isa = PBXBuildFile; fileRef = 8091E60F1CAD329F006011F7 /* ViewController.swift */; };
		8091E6131CAD329F006011F7 /* Main.storyboard in Resources */ = {isa = PBXBuildFile; fileRef = 8091E6111CAD329F006011F7 /* Main.storyboard */; };
		8091E6151CAD329F006011F7 /* Assets.xcassets in Resources */ = {isa = PBXBuildFile; fileRef = 8091E6141CAD329F006011F7 /* Assets.xcassets */; };
		8091E6181CAD329F006011F7 /* LaunchScreen.storyboard in Resources */ = {isa = PBXBuildFile; fileRef = 8091E6161CAD329F006011F7 /* LaunchScreen.storyboard */; };
/* End PBXBuildFile section */

/* Begin PBXFileReference section */
		8091E60A1CAD329F006011F7 /* CoreTextTest.app */ = {isa = PBXFileReference; explicitFileType = wrapper.application; includeInIndex = 0; path = CoreTextTest.app; sourceTree = BUILT_PRODUCTS_DIR; };
		8091E60D1CAD329F006011F7 /* AppDelegate.swift */ = {isa = PBXFileReference; lastKnownFileType = sourcecode.swift; path = AppDelegate.swift; sourceTree = "<group>"; };
		8091E60F1CAD329F006011F7 /* ViewController.swift */ = {isa = PBXFileReference; lastKnownFileType = sourcecode.swift; path = ViewController.swift; sourceTree = "<group>"; };
		8091E6121CAD329F006011F7 /* Base */ = {isa = PBXFileReference; lastKnownFileType = file.storyboard; name = Base; path = Base.lproj/Main.storyboard; sourceTree = "<group>"; };
		8091E6141CAD329F006011F7 /* Assets.xcassets */ = {isa = PBXFileReference; lastKnownFileType = folder.assetcatalog; path = Assets.xcassets; sourceTree = "<group>"; };
		8091E6171CAD329F006011F7 /* Base */ = {isa = PBXFileReference; lastKnownFileType = file.storyboard; name = Base; path = Base.lproj/LaunchScreen.storyboard; sourceTree = "<group>"; };
		8091E6191CAD329F006011F7 /* Info.plist */ = {isa = PBXFileReference; lastKnownFileType = text.plist.xml; path = Info.plist; sourceTree = "<group>"; };
/* End PBXFileReference section */

/* Begin PBXFrameworksBuildPhase section */
		8091E6071CAD329F006011F7 /* Frameworks */ = {
			isa = PBXFrameworksBuildPhase;
			buildActionMask = 2147483647;
			files = (
			);
			runOnlyForDeploymentPostprocessing = 0;
		};
/* End PBXFrameworksBuildPhase section */

/* Begin PBXGroup section */
		8091E6011CAD329F006011F7 = {
			isa = PBXGroup;
			children = (
				8091E60C1CAD329F006011F7 /* CoreTextTest */,
				8091E60B1CAD329F006011F7 /* Products */,
			);
			sourceTree = "<group>";
		};
		8091E60B1CAD329F006011F7 /* Products */ = {
			isa = PBXGroup;
			children = (
				8091E60A1CAD329F006011F7 /* CoreTextTest.app */,
			);
			name = Products;
			sourceTree = "<group>";
		};
		8091E60C1CAD329F006011F7 /* CoreTextTest */ = {
			isa = PBXGroup;
			children = (
				8091E61F1CAD3AC3006011F7 /* Reader(阅读) */,
				8091E6201CAD3AC3006011F7 /* WeChat(微信) */,
				8091E60D1CAD329F006011F7 /* AppDelegate.swift */,
				8091E60F1CAD329F006011F7 /* ViewController.swift */,
				8091E6111CAD329F006011F7 /* Main.storyboard */,
				8091E6141CAD329F006011F7 /* Assets.xcassets */,
				8091E6161CAD329F006011F7 /* LaunchScreen.storyboard */,
				8091E6191CAD329F006011F7 /* Info.plist */,
			);
			path = CoreTextTest;
			sourceTree = "<group>";
		};
		8091E61F1CAD3AC3006011F7 /* Reader(阅读) */ = {
			isa = PBXGroup;
			children = (
			);
			path = "Reader(阅读)";
			sourceTree = "<group>";
		};
		8091E6201CAD3AC3006011F7 /* WeChat(微信) */ = {
			isa = PBXGroup;
			children = (
			);
			path = "WeChat(微信)";
			sourceTree = "<group>";
		};
/* End PBXGroup section */

/* Begin PBXNativeTarget section */
		8091E6091CAD329F006011F7 /* CoreTextTest */ = {
			isa = PBXNativeTarget;
			buildConfigurationList = 8091E61C1CAD329F006011F7 /* Build configuration list for PBXNativeTarget "CoreTextTest" */;
			buildPhases = (
				8091E6061CAD329F006011F7 /* Sources */,
				8091E6071CAD329F006011F7 /* Frameworks */,
				8091E6081CAD329F006011F7 /* Resources */,
			);
			buildRules = (
			);
			dependencies = (
			);
			name = CoreTextTest;
			productName = CoreTextTest;
			productReference = 8091E60A1CAD329F006011F7 /* CoreTextTest.app */;
			productType = "com.apple.product-type.application";
		};
/* End PBXNativeTarget section */

/* Begin PBXProject section */
		8091E6021CAD329F006011F7 /* Project object */ = {
			isa = PBXProject;
			attributes = {
				LastSwiftUpdateCheck = 0720;
				LastUpgradeCheck = 0720;
				ORGANIZATIONNAME = answer.zou;
				TargetAttributes = {
					8091E6091CAD329F006011F7 = {
						CreatedOnToolsVersion = 7.2.1;
						DevelopmentTeam = LBTKGDTLSF;
					};
				};
			};
			buildConfigurationList = 8091E6051CAD329F006011F7 /* Build configuration list for PBXProject "CoreTextTest" */;
			compatibilityVersion = "Xcode 3.2";
			developmentRegion = English;
			hasScannedForEncodings = 0;
			knownRegions = (
				en,
				Base,
			);
			mainGroup = 8091E6011CAD329F006011F7;
			productRefGroup = 8091E60B1CAD329F006011F7 /* Products */;
			projectDirPath = "";
			projectRoot = "";
			targets = (
				8091E6091CAD329F006011F7 /* CoreTextTest */,
			);
		};
/* End PBXProject section */

/* Begin PBXResourcesBuildPhase section */
		8091E6081CAD329F006011F7 /* Resources */ = {
			isa = PBXResourcesBuildPhase;
			buildActionMask = 2147483647;
			files = (
				8091E6181CAD329F006011F7 /* LaunchScreen.storyboard in Resources */,
				8091E6151CAD329F006011F7 /* Assets.xcassets in Resources */,
				8091E6131CAD329F006011F7 /* Main.storyboard in Resources */,
			);
			runOnlyForDeploymentPostprocessing = 0;
		};
/* End PBXResourcesBuildPhase section */

/* Begin PBXSourcesBuildPhase section */
		8091E6061CAD329F006011F7 /* Sources */ = {
			isa = PBXSourcesBuildPhase;
			buildActionMask = 2147483647;
			files = (
				8091E6101CAD329F006011F7 /* ViewController.swift in Sources */,
				8091E60E1CAD329F006011F7 /* AppDelegate.swift in Sources */,
			);
			runOnlyForDeploymentPostprocessing = 0;
		};
/* End PBXSourcesBuildPhase section */

/* Begin PBXVariantGroup section */
		8091E6111CAD329F006011F7 /* Main.storyboard */ = {
			isa = PBXVariantGroup;
			children = (
				8091E6121CAD329F006011F7 /* Base */,
			);
			name = Main.storyboard;
			sourceTree = "<group>";
		};
		8091E6161CAD329F006011F7 /* LaunchScreen.storyboard */ = {
			isa = PBXVariantGroup;
			children = (
				8091E6171CAD329F006011F7 /* Base */,
			);
			name = LaunchScreen.storyboard;
			sourceTree = "<group>";
		};
/* End PBXVariantGroup section */

/* Begin XCBuildConfiguration section */
		8091E61A1CAD329F006011F7 /* Debug */ = {
			isa = XCBuildConfiguration;
			buildSettings = {
				ALWAYS_SEARCH_USER_PATHS = NO;
				CLANG_CXX_LANGUAGE_STANDARD = "gnu++0x";
				CLANG_CXX_LIBRARY = "libc++";
				CLANG_ENABLE_MODULES = YES;
				CLANG_ENABLE_OBJC_ARC = YES;
				CLANG_WARN_BOOL_CONVERSION = YES;
				CLANG_WARN_CONSTANT_CONVERSION = YES;
				CLANG_WARN_DIRECT_OBJC_ISA_USAGE = YES_ERROR;
				CLANG_WARN_EMPTY_BODY = YES;
				CLANG_WARN_ENUM_CONVERSION = YES;
				CLANG_WARN_INT_CONVERSION = YES;
				CLANG_WARN_OBJC_ROOT_CLASS = YES_ERROR;
				CLANG_WARN_UNREACHABLE_CODE = YES;
				CLANG_WARN__DUPLICATE_METHOD_MATCH = YES;
				"CODE_SIGN_IDENTITY[sdk=iphoneos*]" = "iPhone Developer";
				COPY_PHASE_STRIP = NO;
				DEBUG_INFORMATION_FORMAT = dwarf;
				ENABLE_STRICT_OBJC_MSGSEND = YES;
				ENABLE_TESTABILITY = YES;
				GCC_C_LANGUAGE_STANDARD = gnu99;
				GCC_DYNAMIC_NO_PIC = NO;
				GCC_NO_COMMON_BLOCKS = YES;
				GCC_OPTIMIZATION_LEVEL = 0;
				GCC_PREPROCESSOR_DEFINITIONS = (
					"DEBUG=1",
					"$(inherited)",
				);
				GCC_WARN_64_TO_32_BIT_CONVERSION = YES;
				GCC_WARN_ABOUT_RETURN_TYPE = YES_ERROR;
				GCC_WARN_UNDECLARED_SELECTOR = YES;
				GCC_WARN_UNINITIALIZED_AUTOS = YES_AGGRESSIVE;
				GCC_WARN_UNUSED_FUNCTION = YES;
				GCC_WARN_UNUSED_VARIABLE = YES;
				IPHONEOS_DEPLOYMENT_TARGET = 9.2;
				MTL_ENABLE_DEBUG_INFO = YES;
				ONLY_ACTIVE_ARCH = YES;
				SDKROOT = iphoneos;
				SWIFT_OPTIMIZATION_LEVEL = "-Onone";
			};
			name = Debug;
		};
		8091E61B1CAD329F006011F7 /* Release */ = {
			isa = XCBuildConfiguration;
			buildSettings = {
				ALWAYS_SEARCH_USER_PATHS = NO;
				CLANG_CXX_LANGUAGE_STANDARD = "gnu++0x";
				CLANG_CXX_LIBRARY = "libc++";
				CLANG_ENABLE_MODULES = YES;
				CLANG_ENABLE_OBJC_ARC = YES;
				CLANG_WARN_BOOL_CONVERSION = YES;
				CLANG_WARN_CONSTANT_CONVERSION = YES;
				CLANG_WARN_DIRECT_OBJC_ISA_USAGE = YES_ERROR;
				CLANG_WARN_EMPTY_BODY = YES;
				CLANG_WARN_ENUM_CONVERSION = YES;
				CLANG_WARN_INT_CONVERSION = YES;
				CLANG_WARN_OBJC_ROOT_CLASS = YES_ERROR;
				CLANG_WARN_UNREACHABLE_CODE = YES;
				CLANG_WARN__DUPLICATE_METHOD_MATCH = YES;
				"CODE_SIGN_IDENTITY[sdk=iphoneos*]" = "iPhone Developer";
				COPY_PHASE_STRIP = NO;
				DEBUG_INFORMATION_FORMAT = "dwarf-with-dsym";
				ENABLE_NS_ASSERTIONS = NO;
				ENABLE_STRICT_OBJC_MSGSEND = YES;
				GCC_C_LANGUAGE_STANDARD = gnu99;
				GCC_NO_COMMON_BLOCKS = YES;
				GCC_WARN_64_TO_32_BIT_CONVERSION = YES;
				GCC_WARN_ABOUT_RETURN_TYPE = YES_ERROR;
				GCC_WARN_UNDECLARED_SELECTOR = YES;
				GCC_WARN_UNINITIALIZED_AUTOS = YES_AGGRESSIVE;
				GCC_WARN_UNUSED_FUNCTION = YES;
				GCC_WARN_UNUSED_VARIABLE = YES;
				IPHONEOS_DEPLOYMENT_TARGET = 9.2;
				MTL_ENABLE_DEBUG_INFO = NO;
				SDKROOT = iphoneos;
				VALIDATE_PRODUCT = YES;
			};
			name = Release;
		};
		8091E61D1CAD329F006011F7 /* Debug */ = {
			isa = XCBuildConfiguration;
			buildSettings = {
				ASSETCATALOG_COMPILER_APPICON_NAME = AppIcon;
				INFOPLIST_FILE = CoreTextTest/Info.plist;
				LD_RUNPATH_SEARCH_PATHS = "$(inherited) @executable_path/Frameworks";
				PRODUCT_BUNDLE_IDENTIFIER = zou.CoreTextTest;
				PRODUCT_NAME = "$(TARGET_NAME)";
			};
			name = Debug;
		};
		8091E61E1CAD329F006011F7 /* Release */ = {
			isa = XCBuildConfiguration;
			buildSettings = {
				ASSETCATALOG_COMPILER_APPICON_NAME = AppIcon;
				INFOPLIST_FILE = CoreTextTest/Info.plist;
				LD_RUNPATH_SEARCH_PATHS = "$(inherited) @executable_path/Frameworks";
				PRODUCT_BUNDLE_IDENTIFIER = zou.CoreTextTest;
				PRODUCT_NAME = "$(TARGET_NAME)";
			};
			name = Release;
		};
/* End XCBuildConfiguration section */

/* Begin XCConfigurationList section */
		8091E6051CAD329F006011F7 /* Build configuration list for PBXProject "CoreTextTest" */ = {
			isa = XCConfigurationList;
			buildConfigurations = (
				8091E61A1CAD329F006011F7 /* Debug */,
				8091E61B1CAD329F006011F7 /* Release */,
			);
			defaultConfigurationIsVisible = 0;
			defaultConfigurationName = Release;
		};
		8091E61C1CAD329F006011F7 /* Build configuration list for PBXNativeTarget "CoreTextTest" */ = {
			isa = XCConfigurationList;
			buildConfigurations = (
				8091E61D1CAD329F006011F7 /* Debug */,
				8091E61E1CAD329F006011F7 /* Release */,
			);
			defaultConfigurationIsVisible = 0;
		};
/* End XCConfigurationList section */
	};
	rootObject = 8091E6021CAD329F006011F7 /* Project object */;
}
